
Microsoft Visual Studio Solution File, Format Version 11.00
# Visual Studio 2010
Project("{FAE04EC0-301F-11D3-BF4B-00C04F79EFBC}") = "GaGa", "GaGa\GaGa.csproj", "{B4F46D9F-DFB0-48FA-81D3-C3375911A97A}"
EndProject
Global
	GlobalSection(SolutionConfigurationPlatforms) = preSolution
		Debug|AnyCPU = Debug|AnyCPU
		Release|AnyCPU = Release|AnyCPU
	EndGlobalSection
	GlobalSection(ProjectConfigurationPlatforms) = postSolution
		{B4F46D9F-DFB0-48FA-81D3-C3375911A97A}.Debug|AnyCPU.ActiveCfg = Debug|Any CPU
		{B4F46D9F-DFB0-48FA-81D3-C3375911A97A}.Debug|AnyCPU.Build.0 = Debug|Any CPU
		{B4F46D9F-DFB0-48FA-81D3-C3375911A97A}.Release|AnyCPU.ActiveCfg = Release|Any CPU
		{B4F46D9F-DFB0-48FA-81D3-C3375911A97A}.Release|AnyCPU.Build.0 = Release|Any CPU
	EndGlobalSection
	GlobalSection(SolutionProperties) = preSolution
		HideSolutionNode = FALSE
	EndGlobalSection
EndGlobal
